{
  "requires": true,
  "lockfileVersion": 1,
  "dependencies": {
    "@azure/msal-browser": {
      "version": "2.29.0",
      "resolved": "https://registry.npmjs.org/@azure/msal-browser/-/msal-browser-2.29.0.tgz",
      "integrity": "sha512-ezrB0qL1WsJSNgvLmAN5vKr/4pH28UYLe8JUZeHzB6Z408JU8qYXXGnHAhDPzpDg0g91eG05IdIVrLwxk/i15g==",
      "requires": {
        "@azure/msal-common": "^7.5.0"
      }
    },
    "@azure/msal-common": {
      "version": "7.5.0",
      "resolved": "https://registry.npmjs.org/@azure/msal-common/-/msal-common-7.5.0.tgz",
      "integrity": "sha512-W+SIsGSjkUAyDggA/6QVMKErttQ/8Bq9l/7ADr7GJwt9JFsc+XNBdQDsOsUvZ7YCVkZcSgzJw2MZJLIBqfQtQA=="
    },
    "@azure/msal-react": {
      "version": "1.4.8",
      "resolved": "https://registry.npmjs.org/@azure/msal-react/-/msal-react-1.4.8.tgz",
      "integrity": "sha512-sU5/dTf/dW1jo3wRVnFJ83A0/ir+sq46a761aGfXLdOCUlt+xwF+E6CR0w5+DucHroDuZhm9u9pE1gonA8f5qg=="
    },
    "@react-oauth/google": {
      "version": "0.2.8",
      "resolved": "https://registry.npmjs.org/@react-oauth/google/-/google-0.2.8.tgz",
      "integrity": "sha512-W3sRcU6kSZMGUOk10Vy5kPZPzvsi7+UpM2MxnT6fMVp+whDMKCVope5R01gwRydK9OI+0rozAARCD2NgrbkV7w=="
    },
    "jwt-decode": {
      "version": "3.1.2",
      "resolved": "https://registry.npmjs.org/jwt-decode/-/jwt-decode-3.1.2.tgz",
      "integrity": "sha512-UfpWE/VZn0iP50d8cz9NrZLM9lSWhcJ+0Gt/nm4by88UL+J1SiKN8/5dkjMmbEzwL2CAe+67GsegCbIKtbp75A=="
    },
    "msal": {
      "version": "1.4.17",
      "resolved": "https://registry.npmjs.org/msal/-/msal-1.4.17.tgz",
      "integrity": "sha512-RjHwP2cCIWQ9iUIk1SziUMb9+jj5mC4OqG2w16E5yig8jySi/TwiFvKlwcjNrPsndph0HtgCtbENnk5julf3yQ==",
      "requires": {
        "tslib": "^1.9.3"
      }
    },
    "tslib": {
      "version": "1.14.1",
      "resolved": "https://registry.npmjs.org/tslib/-/tslib-1.14.1.tgz",
      "integrity": "sha512-Xni35NKzjgMrwevysHTCArtLDpPvye8zV/0E4EyYn43P7/7qvQwPh9BGkHewbMulVntbigmcT7rdX3BNo9wRJg=="
    }
  }
}
