{
  "requires": true,
  "lockfileVersion": 1,
  "dependencies": {
    "@azure/msal-browser": {
      "version": "2.29.0",
      "resolved": "https://registry.npmjs.org/@azure/msal-browser/-/msal-browser-2.29.0.tgz",
      "integrity": "sha512-ezrB0qL1WsJSNgvLmAN5vKr/4pH28UYLe8JUZeHzB6Z408JU8qYXXGnHAhDPzpDg0g91eG05IdIVrLwxk/i15g==",
      "requires": {
        "@azure/msal-common": "^7.5.0"
      }
    },
    "@azure/msal-common": {
      "version": "7.5.0",
      "resolved": "https://registry.npmjs.org/@azure/msal-common/-/msal-common-7.5.0.tgz",
      "integrity": "sha512-W+SIsGSjkUAyDggA/6QVMKErttQ/8Bq9l/7ADr7GJwt9JFsc+XNBdQDsOsUvZ7YCVkZcSgzJw2MZJLIBqfQtQA=="
    },
    "@azure/msal-react": {
      "version": "1.4.8",
      "resolved": "https://registry.npmjs.org/@azure/msal-react/-/msal-react-1.4.8.tgz",
      "integrity": "sha512-sU5/dTf/dW1jo3wRVnFJ83A0/ir+sq46a761aGfXLdOCUlt+xwF+E6CR0w5+DucHroDuZhm9u9pE1gonA8f5qg=="
    },
    "@babel/runtime": {
      "version": "7.19.4",
      "resolved": "https://registry.npmjs.org/@babel/runtime/-/runtime-7.19.4.tgz",
      "integrity": "sha512-EXpLCrk55f+cYqmHsSR+yD/0gAIMxxA9QK9lnQWzhMCvt+YmoBN7Zx94s++Kv0+unHk39vxNO8t+CMA2WSS3wA==",
      "requires": {
        "regenerator-runtime": "^0.13.4"
      }
    },
    "@emotion/cache": {
      "version": "11.10.3",
      "resolved": "https://registry.npmjs.org/@emotion/cache/-/cache-11.10.3.tgz",
      "integrity": "sha512-Psmp/7ovAa8appWh3g51goxu/z3iVms7JXOreq136D8Bbn6dYraPnmL6mdM8GThEx9vwSn92Fz+mGSjBzN8UPQ==",
      "requires": {
        "@emotion/memoize": "^0.8.0",
        "@emotion/sheet": "^1.2.0",
        "@emotion/utils": "^1.2.0",
        "@emotion/weak-memoize": "^0.3.0",
        "stylis": "4.0.13"
      }
    },
    "@emotion/is-prop-valid": {
      "version": "1.2.0",
      "resolved": "https://registry.npmjs.org/@emotion/is-prop-valid/-/is-prop-valid-1.2.0.tgz",
      "integrity": "sha512-3aDpDprjM0AwaxGE09bOPkNxHpBd+kA6jty3RnaEXdweX1DF1U3VQpPYb0g1IStAuK7SVQ1cy+bNBBKp4W3Fjg==",
      "requires": {
        "@emotion/memoize": "^0.8.0"
      }
    },
    "@emotion/memoize": {
      "version": "0.8.0",
      "resolved": "https://registry.npmjs.org/@emotion/memoize/-/memoize-0.8.0.tgz",
      "integrity": "sha512-G/YwXTkv7Den9mXDO7AhLWkE3q+I92B+VqAE+dYG4NGPaHZGvt3G8Q0p9vmE+sq7rTGphUbAvmQ9YpbfMQGGlA=="
    },
    "@emotion/sheet": {
      "version": "1.2.0",
      "resolved": "https://registry.npmjs.org/@emotion/sheet/-/sheet-1.2.0.tgz",
      "integrity": "sha512-OiTkRgpxescko+M51tZsMq7Puu/KP55wMT8BgpcXVG2hqXc0Vo0mfymJ/Uj24Hp0i083ji/o0aLddh08UEjq8w=="
    },
    "@emotion/utils": {
      "version": "1.2.0",
      "resolved": "https://registry.npmjs.org/@emotion/utils/-/utils-1.2.0.tgz",
      "integrity": "sha512-sn3WH53Kzpw8oQ5mgMmIzzyAaH2ZqFEbozVVBSYp538E06OSE6ytOp7pRAjNQR+Q/orwqdQYJSe2m3hCOeznkw=="
    },
    "@emotion/weak-memoize": {
      "version": "0.3.0",
      "resolved": "https://registry.npmjs.org/@emotion/weak-memoize/-/weak-memoize-0.3.0.tgz",
      "integrity": "sha512-AHPmaAx+RYfZz0eYu6Gviiagpmiyw98ySSlQvCUhVGDRtDFe4DBS0x1bSjdF3gqUDYOczB+yYvBTtEylYSdRhg=="
    },
    "@mui/base": {
      "version": "5.0.0-alpha.101",
      "resolved": "https://registry.npmjs.org/@mui/base/-/base-5.0.0-alpha.101.tgz",
      "integrity": "sha512-a54BcXvArGOKUZ2zyS/7B9GNhAGgfomEQSkfEZ88Nc9jKvXA+Mppenfz5o4JCAnD8c4VlePmz9rKOYvvum1bZw==",
      "requires": {
        "@babel/runtime": "^7.19.0",
        "@emotion/is-prop-valid": "^1.2.0",
        "@mui/types": "^7.2.0",
        "@mui/utils": "^5.10.9",
        "@popperjs/core": "^2.11.6",
        "clsx": "^1.2.1",
        "prop-types": "^15.8.1",
        "react-is": "^18.2.0"
      }
    },
    "@mui/lab": {
      "version": "5.0.0-alpha.103",
      "resolved": "https://registry.npmjs.org/@mui/lab/-/lab-5.0.0-alpha.103.tgz",
      "integrity": "sha512-cYfkgSXZH/cG8BM4UGtPK0Vr9P79wfvF4S5VGiEbEsScU7yROylLZW1l11yg5nZEIVUJ7jQmcaLdlwVSTSbjzg==",
      "requires": {
        "@babel/runtime": "^7.19.0",
        "@mui/base": "5.0.0-alpha.101",
        "@mui/system": "^5.10.9",
        "@mui/types": "^7.2.0",
        "@mui/utils": "^5.10.9",
        "clsx": "^1.2.1",
        "prop-types": "^15.8.1",
        "react-is": "^18.2.0"
      }
    },
    "@mui/private-theming": {
      "version": "5.10.9",
      "resolved": "https://registry.npmjs.org/@mui/private-theming/-/private-theming-5.10.9.tgz",
      "integrity": "sha512-BN7/CnsVPVyBaQpDTij4uV2xGYHHHhOgpdxeYLlIu+TqnsVM7wUeF+37kXvHovxM6xmL5qoaVUD98gDC0IZnHg==",
      "requires": {
        "@babel/runtime": "^7.19.0",
        "@mui/utils": "^5.10.9",
        "prop-types": "^15.8.1"
      }
    },
    "@mui/styled-engine": {
      "version": "5.10.8",
      "resolved": "https://registry.npmjs.org/@mui/styled-engine/-/styled-engine-5.10.8.tgz",
      "integrity": "sha512-w+y8WI18EJV6zM/q41ug19cE70JTeO6sWFsQ7tgePQFpy6ToCVPh0YLrtqxUZXSoMStW5FMw0t9fHTFAqPbngw==",
      "requires": {
        "@babel/runtime": "^7.19.0",
        "@emotion/cache": "^11.10.3",
        "csstype": "^3.1.1",
        "prop-types": "^15.8.1"
      }
    },
    "@mui/system": {
      "version": "5.10.9",
      "resolved": "https://registry.npmjs.org/@mui/system/-/system-5.10.9.tgz",
      "integrity": "sha512-B6fFC0sK06hNmqY7fAUfwShQv594+u/DT1YEFHPtK4laouTu7V4vSGQWi1WJT9Bjs9Db5D1bRDJ+Yy+tc3QOYA==",
      "requires": {
        "@babel/runtime": "^7.19.0",
        "@mui/private-theming": "^5.10.9",
        "@mui/styled-engine": "^5.10.8",
        "@mui/types": "^7.2.0",
        "@mui/utils": "^5.10.9",
        "clsx": "^1.2.1",
        "csstype": "^3.1.1",
        "prop-types": "^15.8.1"
      }
    },
    "@mui/types": {
      "version": "7.2.0",
      "resolved": "https://registry.npmjs.org/@mui/types/-/types-7.2.0.tgz",
      "integrity": "sha512-lGXtFKe5lp3UxTBGqKI1l7G8sE2xBik8qCfrLHD5olwP/YU0/ReWoWT7Lp1//ri32dK39oPMrJN8TgbkCSbsNA=="
    },
    "@mui/utils": {
      "version": "5.10.9",
      "resolved": "https://registry.npmjs.org/@mui/utils/-/utils-5.10.9.tgz",
      "integrity": "sha512-2tdHWrq3+WCy+G6TIIaFx3cg7PorXZ71P375ExuX61od1NOAJP1mK90VxQ8N4aqnj2vmO3AQDkV4oV2Ktvt4bA==",
      "requires": {
        "@babel/runtime": "^7.19.0",
        "@types/prop-types": "^15.7.5",
        "@types/react-is": "^16.7.1 || ^17.0.0",
        "prop-types": "^15.8.1",
        "react-is": "^18.2.0"
      }
    },
    "@popperjs/core": {
      "version": "2.11.6",
      "resolved": "https://registry.npmjs.org/@popperjs/core/-/core-2.11.6.tgz",
      "integrity": "sha512-50/17A98tWUfQ176raKiOGXuYpLyyVMkxxG6oylzL3BPOlA6ADGdK7EYunSa4I064xerltq9TGXs8HmOk5E+vw=="
    },
    "@react-oauth/google": {
      "version": "0.2.8",
      "resolved": "https://registry.npmjs.org/@react-oauth/google/-/google-0.2.8.tgz",
      "integrity": "sha512-W3sRcU6kSZMGUOk10Vy5kPZPzvsi7+UpM2MxnT6fMVp+whDMKCVope5R01gwRydK9OI+0rozAARCD2NgrbkV7w=="
    },
    "@types/prop-types": {
      "version": "15.7.5",
      "resolved": "https://registry.npmjs.org/@types/prop-types/-/prop-types-15.7.5.tgz",
      "integrity": "sha512-JCB8C6SnDoQf0cNycqd/35A7MjcnK+ZTqE7judS6o7utxUCg6imJg3QK2qzHKszlTjcj2cn+NwMB2i96ubpj7w=="
    },
    "@types/react": {
      "version": "18.0.21",
      "resolved": "https://registry.npmjs.org/@types/react/-/react-18.0.21.tgz",
      "integrity": "sha512-7QUCOxvFgnD5Jk8ZKlUAhVcRj7GuJRjnjjiY/IUBWKgOlnvDvTMLD4RTF7NPyVmbRhNrbomZiOepg7M/2Kj1mA==",
      "requires": {
        "@types/prop-types": "*",
        "@types/scheduler": "*",
        "csstype": "^3.0.2"
      }
    },
    "@types/react-is": {
      "version": "17.0.3",
      "resolved": "https://registry.npmjs.org/@types/react-is/-/react-is-17.0.3.tgz",
      "integrity": "sha512-aBTIWg1emtu95bLTLx0cpkxwGW3ueZv71nE2YFBpL8k/z5czEW8yYpOo8Dp+UUAFAtKwNaOsh/ioSeQnWlZcfw==",
      "requires": {
        "@types/react": "*"
      }
    },
    "@types/scheduler": {
      "version": "0.16.2",
      "resolved": "https://registry.npmjs.org/@types/scheduler/-/scheduler-0.16.2.tgz",
      "integrity": "sha512-hppQEBDmlwhFAXKJX2KnWLYu5yMfi91yazPb2l+lbJiwW+wdo1gNeRA+3RgNSO39WYX2euey41KEwnqesU2Jew=="
    },
    "clsx": {
      "version": "1.2.1",
      "resolved": "https://registry.npmjs.org/clsx/-/clsx-1.2.1.tgz",
      "integrity": "sha512-EcR6r5a8bj6pu3ycsa/E/cKVGuTgZJZdsyUYHOksG/UHIiKfjxzRxYJpyVBwYaQeOvghal9fcc4PidlgzugAQg=="
    },
    "csstype": {
      "version": "3.1.1",
      "resolved": "https://registry.npmjs.org/csstype/-/csstype-3.1.1.tgz",
      "integrity": "sha512-DJR/VvkAvSZW9bTouZue2sSxDwdTN92uHjqeKVm+0dAqdfNykRzQ95tay8aXMBAAPpUiq4Qcug2L7neoRh2Egw=="
    },
    "js-tokens": {
      "version": "4.0.0",
      "resolved": "https://registry.npmjs.org/js-tokens/-/js-tokens-4.0.0.tgz",
      "integrity": "sha512-RdJUflcE3cUzKiMqQgsCu06FPu9UdIJO0beYbPhHN4k6apgJtifcoCtT9bcxOpYBtpD2kCM6Sbzg4CausW/PKQ=="
    },
    "jwt-decode": {
      "version": "3.1.2",
      "resolved": "https://registry.npmjs.org/jwt-decode/-/jwt-decode-3.1.2.tgz",
      "integrity": "sha512-UfpWE/VZn0iP50d8cz9NrZLM9lSWhcJ+0Gt/nm4by88UL+J1SiKN8/5dkjMmbEzwL2CAe+67GsegCbIKtbp75A=="
    },
    "loose-envify": {
      "version": "1.4.0",
      "resolved": "https://registry.npmjs.org/loose-envify/-/loose-envify-1.4.0.tgz",
      "integrity": "sha512-lyuxPGr/Wfhrlem2CL/UcnUc1zcqKAImBDzukY7Y5F/yQiNdko6+fRLevlw1HgMySw7f611UIY408EtxRSoK3Q==",
      "requires": {
        "js-tokens": "^3.0.0 || ^4.0.0"
      }
    },
    "msal": {
      "version": "1.4.17",
      "resolved": "https://registry.npmjs.org/msal/-/msal-1.4.17.tgz",
      "integrity": "sha512-RjHwP2cCIWQ9iUIk1SziUMb9+jj5mC4OqG2w16E5yig8jySi/TwiFvKlwcjNrPsndph0HtgCtbENnk5julf3yQ==",
      "requires": {
        "tslib": "^1.9.3"
      }
    },
    "object-assign": {
      "version": "4.1.1",
      "resolved": "https://registry.npmjs.org/object-assign/-/object-assign-4.1.1.tgz",
      "integrity": "sha512-rJgTQnkUnH1sFw8yT6VSU3zD3sWmu6sZhIseY8VX+GRu3P6F7Fu+JNDoXfklElbLJSnc3FUQHVe4cU5hj+BcUg=="
    },
    "prop-types": {
      "version": "15.8.1",
      "resolved": "https://registry.npmjs.org/prop-types/-/prop-types-15.8.1.tgz",
      "integrity": "sha512-oj87CgZICdulUohogVAR7AjlC0327U4el4L6eAvOqCeudMDVU0NThNaV+b9Df4dXgSP1gXMTnPdhfe/2qDH5cg==",
      "requires": {
        "loose-envify": "^1.4.0",
        "object-assign": "^4.1.1",
        "react-is": "^16.13.1"
      },
      "dependencies": {
        "react-is": {
          "version": "16.13.1",
          "resolved": "https://registry.npmjs.org/react-is/-/react-is-16.13.1.tgz",
          "integrity": "sha512-24e6ynE2H+OKt4kqsOvNd8kBpV65zoxbA4BVsEOB3ARVWQki/DHzaUoC5KuON/BiccDaCCTZBuOcfZs70kR8bQ=="
        }
      }
    },
    "react-is": {
      "version": "18.2.0",
      "resolved": "https://registry.npmjs.org/react-is/-/react-is-18.2.0.tgz",
      "integrity": "sha512-xWGDIW6x921xtzPkhiULtthJHoJvBbF3q26fzloPCK0hsvxtPVelvftw3zjbHWSkR2km9Z+4uxbDDK/6Zw9B8w=="
    },
    "regenerator-runtime": {
      "version": "0.13.10",
      "resolved": "https://registry.npmjs.org/regenerator-runtime/-/regenerator-runtime-0.13.10.tgz",
      "integrity": "sha512-KepLsg4dU12hryUO7bp/axHAKvwGOCV0sGloQtpagJ12ai+ojVDqkeGSiRX1zlq+kjIMZ1t7gpze+26QqtdGqw=="
    },
    "stylis": {
      "version": "4.0.13",
      "resolved": "https://registry.npmjs.org/stylis/-/stylis-4.0.13.tgz",
      "integrity": "sha512-xGPXiFVl4YED9Jh7Euv2V220mriG9u4B2TA6Ybjc1catrstKD2PpIdU3U0RKpkVBC2EhmL/F0sPCr9vrFTNRag=="
    },
    "tslib": {
      "version": "1.14.1",
      "resolved": "https://registry.npmjs.org/tslib/-/tslib-1.14.1.tgz",
      "integrity": "sha512-Xni35NKzjgMrwevysHTCArtLDpPvye8zV/0E4EyYn43P7/7qvQwPh9BGkHewbMulVntbigmcT7rdX3BNo9wRJg=="
    }
  }
}
